// !$*UTF8*$!
{
	archiveVersion = 1;
	classes = {
	};
	objectVersion = 55;
	objects = {

/* Begin PBXBuildFile section */
		1ED1BBB8B2F05EBDB4C6574A /* Pods_PokemonPictureBook.framework in Frameworks */ = {isa = PBXBuildFile; fileRef = E583FE7B6C005C9C7F8C4056 /* Pods_PokemonPictureBook.framework */; };
		D3C732682713D84A001AB779 /* AppDelegate.swift in Sources */ = {isa = PBXBuildFile; fileRef = D3C732672713D84A001AB779 /* AppDelegate.swift */; };
		D3C7326A2713D84A001AB779 /* SceneDelegate.swift in Sources */ = {isa = PBXBuildFile; fileRef = D3C732692713D84A001AB779 /* SceneDelegate.swift */; };
		D3C7326C2713D84A001AB779 /* PokemonViewController.swift in Sources */ = {isa = PBXBuildFile; fileRef = D3C7326B2713D84A001AB779 /* PokemonViewController.swift */; };
		D3C7326F2713D84A001AB779 /* Main.storyboard in Resources */ = {isa = PBXBuildFile; fileRef = D3C7326D2713D84A001AB779 /* Main.storyboard */; };
		D3C732712713D84B001AB779 /* Assets.xcassets in Resources */ = {isa = PBXBuildFile; fileRef = D3C732702713D84B001AB779 /* Assets.xcassets */; };
		D3C732742713D84B001AB779 /* LaunchScreen.storyboard in Resources */ = {isa = PBXBuildFile; fileRef = D3C732722713D84B001AB779 /* LaunchScreen.storyboard */; };
		D3C732822713D93A001AB779 /* Anchor-Extension.swift in Sources */ = {isa = PBXBuildFile; fileRef = D3C732812713D93A001AB779 /* Anchor-Extension.swift */; };
		D3C732862713DB3C001AB779 /* PokemonCell.swift in Sources */ = {isa = PBXBuildFile; fileRef = D3C732852713DB3C001AB779 /* PokemonCell.swift */; };
		D3C732882713E05C001AB779 /* PokemonHeader.swift in Sources */ = {isa = PBXBuildFile; fileRef = D3C732872713E05C001AB779 /* PokemonHeader.swift */; };
		D3C7328B2713E710001AB779 /* PokemonDetailController.swift in Sources */ = {isa = PBXBuildFile; fileRef = D3C7328A2713E710001AB779 /* PokemonDetailController.swift */; };
		D3C7328D2713E794001AB779 /* FavoritePokemonController.swift in Sources */ = {isa = PBXBuildFile; fileRef = D3C7328C2713E794001AB779 /* FavoritePokemonController.swift */; };
		D3C7328F2713E993001AB779 /* FavoritePokemonCell.swift in Sources */ = {isa = PBXBuildFile; fileRef = D3C7328E2713E993001AB779 /* FavoritePokemonCell.swift */; };
		D3C73292271407BB001AB779 /* Alamofire in Frameworks */ = {isa = PBXBuildFile; productRef = D3C73291271407BB001AB779 /* Alamofire */; };
		D3C7329527140866001AB779 /* UserDefaultsRepositry.swift in Sources */ = {isa = PBXBuildFile; fileRef = D3C7329427140866001AB779 /* UserDefaultsRepositry.swift */; };
/* End PBXBuildFile section */

/* Begin PBXFileReference section */
		341E518C81C77931E01B5054 /* Pods-PokemonPictureBook.debug.xcconfig */ = {isa = PBXFileReference; includeInIndex = 1; lastKnownFileType = text.xcconfig; name = "Pods-PokemonPictureBook.debug.xcconfig"; path = "Target Support Files/Pods-PokemonPictureBook/Pods-PokemonPictureBook.debug.xcconfig"; sourceTree = "<group>"; };
		8549F992396E112730A9D291 /* Pods-PokemonPictureBook.release.xcconfig */ = {isa = PBXFileReference; includeInIndex = 1; lastKnownFileType = text.xcconfig; name = "Pods-PokemonPictureBook.release.xcconfig"; path = "Target Support Files/Pods-PokemonPictureBook/Pods-PokemonPictureBook.release.xcconfig"; sourceTree = "<group>"; };
		D3C732642713D84A001AB779 /* PokemonPictureBook.app */ = {isa = PBXFileReference; explicitFileType = wrapper.application; includeInIndex = 0; path = PokemonPictureBook.app; sourceTree = BUILT_PRODUCTS_DIR; };
		D3C732672713D84A001AB779 /* AppDelegate.swift */ = {isa = PBXFileReference; lastKnownFileType = sourcecode.swift; path = AppDelegate.swift; sourceTree = "<group>"; };
		D3C732692713D84A001AB779 /* SceneDelegate.swift */ = {isa = PBXFileReference; lastKnownFileType = sourcecode.swift; path = SceneDelegate.swift; sourceTree = "<group>"; };
		D3C7326B2713D84A001AB779 /* PokemonViewController.swift */ = {isa = PBXFileReference; lastKnownFileType = sourcecode.swift; path = PokemonViewController.swift; sourceTree = "<group>"; };
		D3C7326E2713D84A001AB779 /* Base */ = {isa = PBXFileReference; lastKnownFileType = file.storyboard; name = Base; path = Base.lproj/Main.storyboard; sourceTree = "<group>"; };
		D3C732702713D84B001AB779 /* Assets.xcassets */ = {isa = PBXFileReference; lastKnownFileType = folder.assetcatalog; path = Assets.xcassets; sourceTree = "<group>"; };
		D3C732732713D84B001AB779 /* Base */ = {isa = PBXFileReference; lastKnownFileType = file.storyboard; name = Base; path = Base.lproj/LaunchScreen.storyboard; sourceTree = "<group>"; };
		D3C732752713D84B001AB779 /* Info.plist */ = {isa = PBXFileReference; lastKnownFileType = text.plist.xml; path = Info.plist; sourceTree = "<group>"; };
		D3C732812713D93A001AB779 /* Anchor-Extension.swift */ = {isa = PBXFileReference; lastKnownFileType = sourcecode.swift; path = "Anchor-Extension.swift"; sourceTree = "<group>"; };
		D3C732852713DB3C001AB779 /* PokemonCell.swift */ = {isa = PBXFileReference; lastKnownFileType = sourcecode.swift; path = PokemonCell.swift; sourceTree = "<group>"; };
		D3C732872713E05C001AB779 /* PokemonHeader.swift */ = {isa = PBXFileReference; lastKnownFileType = sourcecode.swift; path = PokemonHeader.swift; sourceTree = "<group>"; };
		D3C7328A2713E710001AB779 /* PokemonDetailController.swift */ = {isa = PBXFileReference; lastKnownFileType = sourcecode.swift; path = PokemonDetailController.swift; sourceTree = "<group>"; };
		D3C7328C2713E794001AB779 /* FavoritePokemonController.swift */ = {isa = PBXFileReference; lastKnownFileType = sourcecode.swift; path = FavoritePokemonController.swift; sourceTree = "<group>"; };
		D3C7328E2713E993001AB779 /* FavoritePokemonCell.swift */ = {isa = PBXFileReference; lastKnownFileType = sourcecode.swift; path = FavoritePokemonCell.swift; sourceTree = "<group>"; };
		D3C7329427140866001AB779 /* UserDefaultsRepositry.swift */ = {isa = PBXFileReference; lastKnownFileType = sourcecode.swift; path = UserDefaultsRepositry.swift; sourceTree = "<group>"; };
		E583FE7B6C005C9C7F8C4056 /* Pods_PokemonPictureBook.framework */ = {isa = PBXFileReference; explicitFileType = wrapper.framework; includeInIndex = 0; path = Pods_PokemonPictureBook.framework; sourceTree = BUILT_PRODUCTS_DIR; };
/* End PBXFileReference section */

/* Begin PBXFrameworksBuildPhase section */
		D3C732612713D84A001AB779 /* Frameworks */ = {
			isa = PBXFrameworksBuildPhase;
			buildActionMask = 2147483647;
			files = (
				D3C73292271407BB001AB779 /* Alamofire in Frameworks */,
				1ED1BBB8B2F05EBDB4C6574A /* Pods_PokemonPictureBook.framework in Frameworks */,
			);
			runOnlyForDeploymentPostprocessing = 0;
		};
/* End PBXFrameworksBuildPhase section */

/* Begin PBXGroup section */
		5C8D39D46BE624FFCA136701 /* Frameworks */ = {
			isa = PBXGroup;
			children = (
				E583FE7B6C005C9C7F8C4056 /* Pods_PokemonPictureBook.framework */,
			);
			name = Frameworks;
			sourceTree = "<group>";
		};
		CFED2C3CAA198B5D1060FE7E /* Pods */ = {
			isa = PBXGroup;
			children = (
				341E518C81C77931E01B5054 /* Pods-PokemonPictureBook.debug.xcconfig */,
				8549F992396E112730A9D291 /* Pods-PokemonPictureBook.release.xcconfig */,
			);
			path = Pods;
			sourceTree = "<group>";
		};
		D3C7325B2713D84A001AB779 = {
			isa = PBXGroup;
			children = (
				D3C732662713D84A001AB779 /* PokemonPictureBook */,
				D3C732652713D84A001AB779 /* Products */,
				CFED2C3CAA198B5D1060FE7E /* Pods */,
				5C8D39D46BE624FFCA136701 /* Frameworks */,
			);
			sourceTree = "<group>";
		};
		D3C732652713D84A001AB779 /* Products */ = {
			isa = PBXGroup;
			children = (
				D3C732642713D84A001AB779 /* PokemonPictureBook.app */,
			);
			name = Products;
			sourceTree = "<group>";
		};
		D3C732662713D84A001AB779 /* PokemonPictureBook */ = {
			isa = PBXGroup;
			children = (
				D3C732932714084C001AB779 /* Repositry */,
				D3C732892713E6FA001AB779 /* Controllers */,
				D3C732802713D901001AB779 /* Utility */,
				D3C7327F2713D8FB001AB779 /* Resources */,
				D3C7327E2713D8F2001AB779 /* Presentar */,
				D3C7327D2713D8E5001AB779 /* View */,
				D3C7327B2713D8D6001AB779 /* Model */,
				D3C732752713D84B001AB779 /* Info.plist */,
			);
			path = PokemonPictureBook;
			sourceTree = "<group>";
		};
		D3C7327B2713D8D6001AB779 /* Model */ = {
			isa = PBXGroup;
			children = (
			);
			path = Model;
			sourceTree = "<group>";
		};
		D3C7327D2713D8E5001AB779 /* View */ = {
			isa = PBXGroup;
			children = (
				D3C732842713DB2E001AB779 /* Cell */,
				D3C7326D2713D84A001AB779 /* Main.storyboard */,
				D3C732702713D84B001AB779 /* Assets.xcassets */,
				D3C732722713D84B001AB779 /* LaunchScreen.storyboard */,
			);
			path = View;
			sourceTree = "<group>";
		};
		D3C7327E2713D8F2001AB779 /* Presentar */ = {
			isa = PBXGroup;
			children = (
			);
			path = Presentar;
			sourceTree = "<group>";
		};
		D3C7327F2713D8FB001AB779 /* Resources */ = {
			isa = PBXGroup;
			children = (
				D3C732672713D84A001AB779 /* AppDelegate.swift */,
				D3C732692713D84A001AB779 /* SceneDelegate.swift */,
			);
			path = Resources;
			sourceTree = "<group>";
		};
		D3C732802713D901001AB779 /* Utility */ = {
			isa = PBXGroup;
			children = (
				D3C732812713D93A001AB779 /* Anchor-Extension.swift */,
			);
			path = Utility;
			sourceTree = "<group>";
		};
		D3C732842713DB2E001AB779 /* Cell */ = {
			isa = PBXGroup;
			children = (
				D3C732852713DB3C001AB779 /* PokemonCell.swift */,
				D3C732872713E05C001AB779 /* PokemonHeader.swift */,
				D3C7328E2713E993001AB779 /* FavoritePokemonCell.swift */,
			);
			path = Cell;
			sourceTree = "<group>";
		};
		D3C732892713E6FA001AB779 /* Controllers */ = {
			isa = PBXGroup;
			children = (
				D3C7328A2713E710001AB779 /* PokemonDetailController.swift */,
				D3C7328C2713E794001AB779 /* FavoritePokemonController.swift */,
				D3C7326B2713D84A001AB779 /* PokemonViewController.swift */,
			);
			path = Controllers;
			sourceTree = "<group>";
		};
		D3C732932714084C001AB779 /* Repositry */ = {
			isa = PBXGroup;
			children = (
				D3C7329427140866001AB779 /* UserDefaultsRepositry.swift */,
			);
			path = Repositry;
			sourceTree = "<group>";
		};
/* End PBXGroup section */

/* Begin PBXNativeTarget section */
		D3C732632713D84A001AB779 /* PokemonPictureBook */ = {
			isa = PBXNativeTarget;
			buildConfigurationList = D3C732782713D84B001AB779 /* Build configuration list for PBXNativeTarget "PokemonPictureBook" */;
			buildPhases = (
				970BEA69CA4FE094E65C18F5 /* [CP] Check Pods Manifest.lock */,
				D3C732602713D84A001AB779 /* Sources */,
				D3C732612713D84A001AB779 /* Frameworks */,
				D3C732622713D84A001AB779 /* Resources */,
				F41C60CC2E27B0B18775F4CE /* [CP] Embed Pods Frameworks */,
			);
			buildRules = (
			);
			dependencies = (
			);
			name = PokemonPictureBook;
			packageProductDependencies = (
				D3C73291271407BB001AB779 /* Alamofire */,
			);
			productName = PokemonPictureBook;
			productReference = D3C732642713D84A001AB779 /* PokemonPictureBook.app */;
			productType = "com.apple.product-type.application";
		};
/* End PBXNativeTarget section */

/* Begin PBXProject section */
		D3C7325C2713D84A001AB779 /* Project object */ = {
			isa = PBXProject;
			attributes = {
				BuildIndependentTargetsInParallel = 1;
				LastSwiftUpdateCheck = 1300;
				LastUpgradeCheck = 1300;
				TargetAttributes = {
					D3C732632713D84A001AB779 = {
						CreatedOnToolsVersion = 13.0;
					};
				};
			};
			buildConfigurationList = D3C7325F2713D84A001AB779 /* Build configuration list for PBXProject "PokemonPictureBook" */;
			compatibilityVersion = "Xcode 13.0";
			developmentRegion = en;
			hasScannedForEncodings = 0;
			knownRegions = (
				en,
				Base,
			);
			mainGroup = D3C7325B2713D84A001AB779;
			packageReferences = (
				D3C73290271407BB001AB779 /* XCRemoteSwiftPackageReference "Alamofire" */,
			);
			productRefGroup = D3C732652713D84A001AB779 /* Products */;
			projectDirPath = "";
			projectRoot = "";
			targets = (
				D3C732632713D84A001AB779 /* PokemonPictureBook */,
			);
		};
/* End PBXProject section */

/* Begin PBXResourcesBuildPhase section */
		D3C732622713D84A001AB779 /* Resources */ = {
			isa = PBXResourcesBuildPhase;
			buildActionMask = 2147483647;
			files = (
				D3C732742713D84B001AB779 /* LaunchScreen.storyboard in Resources */,
				D3C732712713D84B001AB779 /* Assets.xcassets in Resources */,
				D3C7326F2713D84A001AB779 /* Main.storyboard in Resources */,
			);
			runOnlyForDeploymentPostprocessing = 0;
		};
/* End PBXResourcesBuildPhase section */

/* Begin PBXShellScriptBuildPhase section */
		970BEA69CA4FE094E65C18F5 /* [CP] Check Pods Manifest.lock */ = {
			isa = PBXShellScriptBuildPhase;
			buildActionMask = 2147483647;
			files = (
			);
			inputFileListPaths = (
			);
			inputPaths = (
				"${PODS_PODFILE_DIR_PATH}/Podfile.lock",
				"${PODS_ROOT}/Manifest.lock",
			);
			name = "[CP] Check Pods Manifest.lock";
			outputFileListPaths = (
			);
			outputPaths = (
				"$(DERIVED_FILE_DIR)/Pods-PokemonPictureBook-checkManifestLockResult.txt",
			);
			runOnlyForDeploymentPostprocessing = 0;
			shellPath = /bin/sh;
			shellScript = "diff \"${PODS_PODFILE_DIR_PATH}/Podfile.lock\" \"${PODS_ROOT}/Manifest.lock\" > /dev/null\nif [ $? != 0 ] ; then\n    # print error to STDERR\n    echo \"error: The sandbox is not in sync with the Podfile.lock. Run 'pod install' or update your CocoaPods installation.\" >&2\n    exit 1\nfi\n# This output is used by Xcode 'outputs' to avoid re-running this script phase.\necho \"SUCCESS\" > \"${SCRIPT_OUTPUT_FILE_0}\"\n";
			showEnvVarsInLog = 0;
		};
		F41C60CC2E27B0B18775F4CE /* [CP] Embed Pods Frameworks */ = {
			isa = PBXShellScriptBuildPhase;
			buildActionMask = 2147483647;
			files = (
			);
			inputFileListPaths = (
				"${PODS_ROOT}/Target Support Files/Pods-PokemonPictureBook/Pods-PokemonPictureBook-frameworks-${CONFIGURATION}-input-files.xcfilelist",
			);
			name = "[CP] Embed Pods Frameworks";
			outputFileListPaths = (
				"${PODS_ROOT}/Target Support Files/Pods-PokemonPictureBook/Pods-PokemonPictureBook-frameworks-${CONFIGURATION}-output-files.xcfilelist",
			);
			runOnlyForDeploymentPostprocessing = 0;
			shellPath = /bin/sh;
			shellScript = "\"${PODS_ROOT}/Target Support Files/Pods-PokemonPictureBook/Pods-PokemonPictureBook-frameworks.sh\"\n";
			showEnvVarsInLog = 0;
		};
/* End PBXShellScriptBuildPhase section */

/* Begin PBXSourcesBuildPhase section */
		D3C732602713D84A001AB779 /* Sources */ = {
			isa = PBXSourcesBuildPhase;
			buildActionMask = 2147483647;
			files = (
				D3C732862713DB3C001AB779 /* PokemonCell.swift in Sources */,
				D3C7326C2713D84A001AB779 /* PokemonViewController.swift in Sources */,
				D3C7329527140866001AB779 /* UserDefaultsRepositry.swift in Sources */,
				D3C732882713E05C001AB779 /* PokemonHeader.swift in Sources */,
				D3C732682713D84A001AB779 /* AppDelegate.swift in Sources */,
				D3C732822713D93A001AB779 /* Anchor-Extension.swift in Sources */,
				D3C7328B2713E710001AB779 /* PokemonDetailController.swift in Sources */,
				D3C7328F2713E993001AB779 /* FavoritePokemonCell.swift in Sources */,
				D3C7326A2713D84A001AB779 /* SceneDelegate.swift in Sources */,
				D3C7328D2713E794001AB779 /* FavoritePokemonController.swift in Sources */,
			);
			runOnlyForDeploymentPostprocessing = 0;
		};
/* End PBXSourcesBuildPhase section */

/* Begin PBXVariantGroup section */
		D3C7326D2713D84A001AB779 /* Main.storyboard */ = {
			isa = PBXVariantGroup;
			children = (
				D3C7326E2713D84A001AB779 /* Base */,
			);
			name = Main.storyboard;
			sourceTree = "<group>";
		};
		D3C732722713D84B001AB779 /* LaunchScreen.storyboard */ = {
			isa = PBXVariantGroup;
			children = (
				D3C732732713D84B001AB779 /* Base */,
			);
			name = LaunchScreen.storyboard;
			sourceTree = "<group>";
		};
/* End PBXVariantGroup section */

/* Begin XCBuildConfiguration section */
		D3C732762713D84B001AB779 /* Debug */ = {
			isa = XCBuildConfiguration;
			buildSettings = {
				ALWAYS_SEARCH_USER_PATHS = NO;
				CLANG_ANALYZER_NONNULL = YES;
				CLANG_ANALYZER_NUMBER_OBJECT_CONVERSION = YES_AGGRESSIVE;
				CLANG_CXX_LANGUAGE_STANDARD = "gnu++17";
				CLANG_CXX_LIBRARY = "libc++";
				CLANG_ENABLE_MODULES = YES;
				CLANG_ENABLE_OBJC_ARC = YES;
				CLANG_ENABLE_OBJC_WEAK = YES;
				CLANG_WARN_BLOCK_CAPTURE_AUTORELEASING = YES;
				CLANG_WARN_BOOL_CONVERSION = YES;
				CLANG_WARN_COMMA = YES;
				CLANG_WARN_CONSTANT_CONVERSION = YES;
				CLANG_WARN_DEPRECATED_OBJC_IMPLEMENTATIONS = YES;
				CLANG_WARN_DIRECT_OBJC_ISA_USAGE = YES_ERROR;
				CLANG_WARN_DOCUMENTATION_COMMENTS = YES;
				CLANG_WARN_EMPTY_BODY = YES;
				CLANG_WARN_ENUM_CONVERSION = YES;
				CLANG_WARN_INFINITE_RECURSION = YES;
				CLANG_WARN_INT_CONVERSION = YES;
				CLANG_WARN_NON_LITERAL_NULL_CONVERSION = YES;
				CLANG_WARN_OBJC_IMPLICIT_RETAIN_SELF = YES;
				CLANG_WARN_OBJC_LITERAL_CONVERSION = YES;
				CLANG_WARN_OBJC_ROOT_CLASS = YES_ERROR;
				CLANG_WARN_QUOTED_INCLUDE_IN_FRAMEWORK_HEADER = YES;
				CLANG_WARN_RANGE_LOOP_ANALYSIS = YES;
				CLANG_WARN_STRICT_PROTOTYPES = YES;
				CLANG_WARN_SUSPICIOUS_MOVE = YES;
				CLANG_WARN_UNGUARDED_AVAILABILITY = YES_AGGRESSIVE;
				CLANG_WARN_UNREACHABLE_CODE = YES;
				CLANG_WARN__DUPLICATE_METHOD_MATCH = YES;
				COPY_PHASE_STRIP = NO;
				DEBUG_INFORMATION_FORMAT = dwarf;
				ENABLE_STRICT_OBJC_MSGSEND = YES;
				ENABLE_TESTABILITY = YES;
				GCC_C_LANGUAGE_STANDARD = gnu11;
				GCC_DYNAMIC_NO_PIC = NO;
				GCC_NO_COMMON_BLOCKS = YES;
				GCC_OPTIMIZATION_LEVEL = 0;
				GCC_PREPROCESSOR_DEFINITIONS = (
					"DEBUG=1",
					"$(inherited)",
				);
				GCC_WARN_64_TO_32_BIT_CONVERSION = YES;
				GCC_WARN_ABOUT_RETURN_TYPE = YES_ERROR;
				GCC_WARN_UNDECLARED_SELECTOR = YES;
				GCC_WARN_UNINITIALIZED_AUTOS = YES_AGGRESSIVE;
				GCC_WARN_UNUSED_FUNCTION = YES;
				GCC_WARN_UNUSED_VARIABLE = YES;
				IPHONEOS_DEPLOYMENT_TARGET = 15.0;
				MTL_ENABLE_DEBUG_INFO = INCLUDE_SOURCE;
				MTL_FAST_MATH = YES;
				ONLY_ACTIVE_ARCH = YES;
				SDKROOT = iphoneos;
				SWIFT_ACTIVE_COMPILATION_CONDITIONS = DEBUG;
				SWIFT_OPTIMIZATION_LEVEL = "-Onone";
			};
			name = Debug;
		};
		D3C732772713D84B001AB779 /* Release */ = {
			isa = XCBuildConfiguration;
			buildSettings = {
				ALWAYS_SEARCH_USER_PATHS = NO;
				CLANG_ANALYZER_NONNULL = YES;
				CLANG_ANALYZER_NUMBER_OBJECT_CONVERSION = YES_AGGRESSIVE;
				CLANG_CXX_LANGUAGE_STANDARD = "gnu++17";
				CLANG_CXX_LIBRARY = "libc++";
				CLANG_ENABLE_MODULES = YES;
				CLANG_ENABLE_OBJC_ARC = YES;
				CLANG_ENABLE_OBJC_WEAK = YES;
				CLANG_WARN_BLOCK_CAPTURE_AUTORELEASING = YES;
				CLANG_WARN_BOOL_CONVERSION = YES;
				CLANG_WARN_COMMA = YES;
				CLANG_WARN_CONSTANT_CONVERSION = YES;
				CLANG_WARN_DEPRECATED_OBJC_IMPLEMENTATIONS = YES;
				CLANG_WARN_DIRECT_OBJC_ISA_USAGE = YES_ERROR;
				CLANG_WARN_DOCUMENTATION_COMMENTS = YES;
				CLANG_WARN_EMPTY_BODY = YES;
				CLANG_WARN_ENUM_CONVERSION = YES;
				CLANG_WARN_INFINITE_RECURSION = YES;
				CLANG_WARN_INT_CONVERSION = YES;
				CLANG_WARN_NON_LITERAL_NULL_CONVERSION = YES;
				CLANG_WARN_OBJC_IMPLICIT_RETAIN_SELF = YES;
				CLANG_WARN_OBJC_LITERAL_CONVERSION = YES;
				CLANG_WARN_OBJC_ROOT_CLASS = YES_ERROR;
				CLANG_WARN_QUOTED_INCLUDE_IN_FRAMEWORK_HEADER = YES;
				CLANG_WARN_RANGE_LOOP_ANALYSIS = YES;
				CLANG_WARN_STRICT_PROTOTYPES = YES;
				CLANG_WARN_SUSPICIOUS_MOVE = YES;
				CLANG_WARN_UNGUARDED_AVAILABILITY = YES_AGGRESSIVE;
				CLANG_WARN_UNREACHABLE_CODE = YES;
				CLANG_WARN__DUPLICATE_METHOD_MATCH = YES;
				COPY_PHASE_STRIP = NO;
				DEBUG_INFORMATION_FORMAT = "dwarf-with-dsym";
				ENABLE_NS_ASSERTIONS = NO;
				ENABLE_STRICT_OBJC_MSGSEND = YES;
				GCC_C_LANGUAGE_STANDARD = gnu11;
				GCC_NO_COMMON_BLOCKS = YES;
				GCC_WARN_64_TO_32_BIT_CONVERSION = YES;
				GCC_WARN_ABOUT_RETURN_TYPE = YES_ERROR;
				GCC_WARN_UNDECLARED_SELECTOR = YES;
				GCC_WARN_UNINITIALIZED_AUTOS = YES_AGGRESSIVE;
				GCC_WARN_UNUSED_FUNCTION = YES;
				GCC_WARN_UNUSED_VARIABLE = YES;
				IPHONEOS_DEPLOYMENT_TARGET = 15.0;
				MTL_ENABLE_DEBUG_INFO = NO;
				MTL_FAST_MATH = YES;
				SDKROOT = iphoneos;
				SWIFT_COMPILATION_MODE = wholemodule;
				SWIFT_OPTIMIZATION_LEVEL = "-O";
				VALIDATE_PRODUCT = YES;
			};
			name = Release;
		};
		D3C732792713D84B001AB779 /* Debug */ = {
			isa = XCBuildConfiguration;
			baseConfigurationReference = 341E518C81C77931E01B5054 /* Pods-PokemonPictureBook.debug.xcconfig */;
			buildSettings = {
				ASSETCATALOG_COMPILER_APPICON_NAME = AppIcon;
				ASSETCATALOG_COMPILER_GLOBAL_ACCENT_COLOR_NAME = AccentColor;
				CODE_SIGN_STYLE = Automatic;
				CURRENT_PROJECT_VERSION = 1;
				DEVELOPMENT_TEAM = LSUSGUW6L4;
				GENERATE_INFOPLIST_FILE = YES;
				INFOPLIST_FILE = PokemonPictureBook/Info.plist;
				INFOPLIST_KEY_UIApplicationSupportsIndirectInputEvents = YES;
				INFOPLIST_KEY_UILaunchStoryboardName = LaunchScreen;
				INFOPLIST_KEY_UIMainStoryboardFile = Main;
				INFOPLIST_KEY_UISupportedInterfaceOrientations_iPad = "UIInterfaceOrientationPortrait UIInterfaceOrientationPortraitUpsideDown UIInterfaceOrientationLandscapeLeft UIInterfaceOrientationLandscapeRight";
				INFOPLIST_KEY_UISupportedInterfaceOrientations_iPhone = "UIInterfaceOrientationPortrait UIInterfaceOrientationLandscapeLeft UIInterfaceOrientationLandscapeRight";
				LD_RUNPATH_SEARCH_PATHS = (
					"$(inherited)",
					"@executable_path/Frameworks",
				);
				MARKETING_VERSION = 1.0;
				PRODUCT_BUNDLE_IDENTIFIER = com.mizuki.PokemonPictureBook;
				PRODUCT_NAME = "$(TARGET_NAME)";
				SWIFT_EMIT_LOC_STRINGS = YES;
				SWIFT_VERSION = 5.0;
				TARGETED_DEVICE_FAMILY = 1;
			};
			name = Debug;
		};
		D3C7327A2713D84B001AB779 /* Release */ = {
			isa = XCBuildConfiguration;
			baseConfigurationReference = 8549F992396E112730A9D291 /* Pods-PokemonPictureBook.release.xcconfig */;
			buildSettings = {
				ASSETCATALOG_COMPILER_APPICON_NAME = AppIcon;
				ASSETCATALOG_COMPILER_GLOBAL_ACCENT_COLOR_NAME = AccentColor;
				CODE_SIGN_STYLE = Automatic;
				CURRENT_PROJECT_VERSION = 1;
				DEVELOPMENT_TEAM = LSUSGUW6L4;
				GENERATE_INFOPLIST_FILE = YES;
				INFOPLIST_FILE = PokemonPictureBook/Info.plist;
				INFOPLIST_KEY_UIApplicationSupportsIndirectInputEvents = YES;
				INFOPLIST_KEY_UILaunchStoryboardName = LaunchScreen;
				INFOPLIST_KEY_UIMainStoryboardFile = Main;
				INFOPLIST_KEY_UISupportedInterfaceOrientations_iPad = "UIInterfaceOrientationPortrait UIInterfaceOrientationPortraitUpsideDown UIInterfaceOrientationLandscapeLeft UIInterfaceOrientationLandscapeRight";
				INFOPLIST_KEY_UISupportedInterfaceOrientations_iPhone = "UIInterfaceOrientationPortrait UIInterfaceOrientationLandscapeLeft UIInterfaceOrientationLandscapeRight";
				LD_RUNPATH_SEARCH_PATHS = (
					"$(inherited)",
					"@executable_path/Frameworks",
				);
				MARKETING_VERSION = 1.0;
				PRODUCT_BUNDLE_IDENTIFIER = com.mizuki.PokemonPictureBook;
				PRODUCT_NAME = "$(TARGET_NAME)";
				SWIFT_EMIT_LOC_STRINGS = YES;
				SWIFT_VERSION = 5.0;
				TARGETED_DEVICE_FAMILY = 1;
			};
			name = Release;
		};
/* End XCBuildConfiguration section */

/* Begin XCConfigurationList section */
		D3C7325F2713D84A001AB779 /* Build configuration list for PBXProject "PokemonPictureBook" */ = {
			isa = XCConfigurationList;
			buildConfigurations = (
				D3C732762713D84B001AB779 /* Debug */,
				D3C732772713D84B001AB779 /* Release */,
			);
			defaultConfigurationIsVisible = 0;
			defaultConfigurationName = Release;
		};
		D3C732782713D84B001AB779 /* Build configuration list for PBXNativeTarget "PokemonPictureBook" */ = {
			isa = XCConfigurationList;
			buildConfigurations = (
				D3C732792713D84B001AB779 /* Debug */,
				D3C7327A2713D84B001AB779 /* Release */,
			);
			defaultConfigurationIsVisible = 0;
			defaultConfigurationName = Release;
		};
/* End XCConfigurationList section */

/* Begin XCRemoteSwiftPackageReference section */
		D3C73290271407BB001AB779 /* XCRemoteSwiftPackageReference "Alamofire" */ = {
			isa = XCRemoteSwiftPackageReference;
			repositoryURL = "https://github.com/Alamofire/Alamofire.git";
			requirement = {
				kind = upToNextMajorVersion;
				minimumVersion = 5.0.0;
			};
		};
/* End XCRemoteSwiftPackageReference section */

/* Begin XCSwiftPackageProductDependency section */
		D3C73291271407BB001AB779 /* Alamofire */ = {
			isa = XCSwiftPackageProductDependency;
			package = D3C73290271407BB001AB779 /* XCRemoteSwiftPackageReference "Alamofire" */;
			productName = Alamofire;
		};
/* End XCSwiftPackageProductDependency section */
	};
	rootObject = D3C7325C2713D84A001AB779 /* Project object */;
}
